
Microsoft Visual Studio Solution File, Format Version 12.00
# Visual Studio 15
VisualStudioVersion = 15.0.28010.2036
MinimumVisualStudioVersion = 10.0.40219.1
Project("{F184B08F-C81C-45F6-A57F-5ABD9991F28F}") = "Serenity", "Serenity\Serenity.vbproj", "{EEF449BF-7605-480A-9479-23A7063E9182}"
EndProject
Global
	GlobalSection(SolutionConfigurationPlatforms) = preSolution
		Debug|Any CPU = Debug|Any CPU
		Release|Any CPU = Release|Any CPU
	EndGlobalSection
	GlobalSection(ProjectConfigurationPlatforms) = postSolution
		{EEF449BF-7605-480A-9479-23A7063E9182}.Debug|Any CPU.ActiveCfg = Debug|Any CPU
		{EEF449BF-7605-480A-9479-23A7063E9182}.Debug|Any CPU.Build.0 = Debug|Any CPU
		{EEF449BF-7605-480A-9479-23A7063E9182}.Release|Any CPU.ActiveCfg = Release|Any CPU
		{EEF449BF-7605-480A-9479-23A7063E9182}.Release|Any CPU.Build.0 = Release|Any CPU
	EndGlobalSection
	GlobalSection(SolutionProperties) = preSolution
		HideSolutionNode = FALSE
	EndGlobalSection
	GlobalSection(ExtensibilityGlobals) = postSolution
		SolutionGuid = {C153A369-8017-4E1F-A1DE-7B13FDB4860D}
	EndGlobalSection
EndGlobal
